
Microsoft Visual Studio Solution File, Format Version 12.00
# Visual Studio Version 17
VisualStudioVersion = 17.4.33205.214
MinimumVisualStudioVersion = 10.0.40219.1
Project("{FAE04EC0-301F-11D3-BF4B-00C04F79EFBC}") = "ResturentAPI", "ResturentAPI\ResturentAPI.csproj", "{C59859E3-E668-4875-BD7C-3256F07C4B44}"
EndProject
Project("{FAE04EC0-301F-11D3-BF4B-00C04F79EFBC}") = "ResturenModels", "ResturenModels\ResturenModels.csproj", "{235EB700-7126-4F4B-A3AF-6F845763126F}"
EndProject
Project("{FAE04EC0-301F-11D3-BF4B-00C04F79EFBC}") = "ResturentInfrastructure", "ResturentInfrastructure\ResturentInfrastructure.csproj", "{E636E586-B4F6-4C56-8DC8-1EFD48546D9F}"
EndProject
Project("{FAE04EC0-301F-11D3-BF4B-00C04F79EFBC}") = "ResturentRepository", "ResturentRepository\ResturentRepository.csproj", "{6E6EB5FB-6991-4D7D-BFE1-03633B270744}"
EndProject
Global
	GlobalSection(SolutionConfigurationPlatforms) = preSolution
		Debug|Any CPU = Debug|Any CPU
		Release|Any CPU = Release|Any CPU
	EndGlobalSection
	GlobalSection(ProjectConfigurationPlatforms) = postSolution
		{C59859E3-E668-4875-BD7C-3256F07C4B44}.Debug|Any CPU.ActiveCfg = Debug|Any CPU
		{C59859E3-E668-4875-BD7C-3256F07C4B44}.Debug|Any CPU.Build.0 = Debug|Any CPU
		{C59859E3-E668-4875-BD7C-3256F07C4B44}.Release|Any CPU.ActiveCfg = Release|Any CPU
		{C59859E3-E668-4875-BD7C-3256F07C4B44}.Release|Any CPU.Build.0 = Release|Any CPU
		{235EB700-7126-4F4B-A3AF-6F845763126F}.Debug|Any CPU.ActiveCfg = Debug|Any CPU
		{235EB700-7126-4F4B-A3AF-6F845763126F}.Debug|Any CPU.Build.0 = Debug|Any CPU
		{235EB700-7126-4F4B-A3AF-6F845763126F}.Release|Any CPU.ActiveCfg = Release|Any CPU
		{235EB700-7126-4F4B-A3AF-6F845763126F}.Release|Any CPU.Build.0 = Release|Any CPU
		{E636E586-B4F6-4C56-8DC8-1EFD48546D9F}.Debug|Any CPU.ActiveCfg = Debug|Any CPU
		{E636E586-B4F6-4C56-8DC8-1EFD48546D9F}.Debug|Any CPU.Build.0 = Debug|Any CPU
		{E636E586-B4F6-4C56-8DC8-1EFD48546D9F}.Release|Any CPU.ActiveCfg = Release|Any CPU
		{E636E586-B4F6-4C56-8DC8-1EFD48546D9F}.Release|Any CPU.Build.0 = Release|Any CPU
		{6E6EB5FB-6991-4D7D-BFE1-03633B270744}.Debug|Any CPU.ActiveCfg = Debug|Any CPU
		{6E6EB5FB-6991-4D7D-BFE1-03633B270744}.Debug|Any CPU.Build.0 = Debug|Any CPU
		{6E6EB5FB-6991-4D7D-BFE1-03633B270744}.Release|Any CPU.ActiveCfg = Release|Any CPU
		{6E6EB5FB-6991-4D7D-BFE1-03633B270744}.Release|Any CPU.Build.0 = Release|Any CPU
	EndGlobalSection
	GlobalSection(SolutionProperties) = preSolution
		HideSolutionNode = FALSE
	EndGlobalSection
	GlobalSection(ExtensibilityGlobals) = postSolution
		SolutionGuid = {FFD9FBC5-1AAC-49F6-9D70-AC98AB0EFD6D}
	EndGlobalSection
EndGlobal
